// !$*UTF8*$!
{
	archiveVersion = 1;
	classes = {
	};
	objectVersion = 56;
	objects = {

/* Begin PBXBuildFile section */
		A20A456C2900312F00A23194 /* SwiftLearningForMacApp.swift in Sources */ = {isa = PBXBuildFile; fileRef = A20A456B2900312F00A23194 /* SwiftLearningForMacApp.swift */; };
		A20A456E2900312F00A23194 /* ContentView.swift in Sources */ = {isa = PBXBuildFile; fileRef = A20A456D2900312F00A23194 /* ContentView.swift */; };
		A20A45702900313000A23194 /* Assets.xcassets in Resources */ = {isa = PBXBuildFile; fileRef = A20A456F2900313000A23194 /* Assets.xcassets */; };
		A20A45732900313000A23194 /* Preview Assets.xcassets in Resources */ = {isa = PBXBuildFile; fileRef = A20A45722900313000A23194 /* Preview Assets.xcassets */; };
		A20A457E2900313100A23194 /* SwiftLearningForMacTests.swift in Sources */ = {isa = PBXBuildFile; fileRef = A20A457D2900313100A23194 /* SwiftLearningForMacTests.swift */; };
		A20A45882900313100A23194 /* SwiftLearningForMacUITests.swift in Sources */ = {isa = PBXBuildFile; fileRef = A20A45872900313100A23194 /* SwiftLearningForMacUITests.swift */; };
		A20A458A2900313100A23194 /* SwiftLearningForMacUITestsLaunchTests.swift in Sources */ = {isa = PBXBuildFile; fileRef = A20A45892900313100A23194 /* SwiftLearningForMacUITestsLaunchTests.swift */; };
/* End PBXBuildFile section */

/* Begin PBXContainerItemProxy section */
		A20A457A2900313100A23194 /* PBXContainerItemProxy */ = {
			isa = PBXContainerItemProxy;
			containerPortal = A20A45602900312F00A23194 /* Project object */;
			proxyType = 1;
			remoteGlobalIDString = A20A45672900312F00A23194;
			remoteInfo = SwiftLearningForMac;
		};
		A20A45842900313100A23194 /* PBXContainerItemProxy */ = {
			isa = PBXContainerItemProxy;
			containerPortal = A20A45602900312F00A23194 /* Project object */;
			proxyType = 1;
			remoteGlobalIDString = A20A45672900312F00A23194;
			remoteInfo = SwiftLearningForMac;
		};
/* End PBXContainerItemProxy section */

/* Begin PBXFileReference section */
		A20A45682900312F00A23194 /* SwiftLearningForMac.app */ = {isa = PBXFileReference; explicitFileType = wrapper.application; includeInIndex = 0; path = SwiftLearningForMac.app; sourceTree = BUILT_PRODUCTS_DIR; };
		A20A456B2900312F00A23194 /* SwiftLearningForMacApp.swift */ = {isa = PBXFileReference; lastKnownFileType = sourcecode.swift; path = SwiftLearningForMacApp.swift; sourceTree = "<group>"; };
		A20A456D2900312F00A23194 /* ContentView.swift */ = {isa = PBXFileReference; lastKnownFileType = sourcecode.swift; path = ContentView.swift; sourceTree = "<group>"; };
		A20A456F2900313000A23194 /* Assets.xcassets */ = {isa = PBXFileReference; lastKnownFileType = folder.assetcatalog; path = Assets.xcassets; sourceTree = "<group>"; };
		A20A45722900313000A23194 /* Preview Assets.xcassets */ = {isa = PBXFileReference; lastKnownFileType = folder.assetcatalog; path = "Preview Assets.xcassets"; sourceTree = "<group>"; };
		A20A45742900313000A23194 /* SwiftLearningForMac.entitlements */ = {isa = PBXFileReference; lastKnownFileType = text.plist.entitlements; path = SwiftLearningForMac.entitlements; sourceTree = "<group>"; };
		A20A45792900313100A23194 /* SwiftLearningForMacTests.xctest */ = {isa = PBXFileReference; explicitFileType = wrapper.cfbundle; includeInIndex = 0; path = SwiftLearningForMacTests.xctest; sourceTree = BUILT_PRODUCTS_DIR; };
		A20A457D2900313100A23194 /* SwiftLearningForMacTests.swift */ = {isa = PBXFileReference; lastKnownFileType = sourcecode.swift; path = SwiftLearningForMacTests.swift; sourceTree = "<group>"; };
		A20A45832900313100A23194 /* SwiftLearningForMacUITests.xctest */ = {isa = PBXFileReference; explicitFileType = wrapper.cfbundle; includeInIndex = 0; path = SwiftLearningForMacUITests.xctest; sourceTree = BUILT_PRODUCTS_DIR; };
		A20A45872900313100A23194 /* SwiftLearningForMacUITests.swift */ = {isa = PBXFileReference; lastKnownFileType = sourcecode.swift; path = SwiftLearningForMacUITests.swift; sourceTree = "<group>"; };
		A20A45892900313100A23194 /* SwiftLearningForMacUITestsLaunchTests.swift */ = {isa = PBXFileReference; lastKnownFileType = sourcecode.swift; path = SwiftLearningForMacUITestsLaunchTests.swift; sourceTree = "<group>"; };
/* End PBXFileReference section */

/* Begin PBXFrameworksBuildPhase section */
		A20A45652900312F00A23194 /* Frameworks */ = {
			isa = PBXFrameworksBuildPhase;
			buildActionMask = 2147483647;
			files = (
			);
			runOnlyForDeploymentPostprocessing = 0;
		};
		A20A45762900313100A23194 /* Frameworks */ = {
			isa = PBXFrameworksBuildPhase;
			buildActionMask = 2147483647;
			files = (
			);
			runOnlyForDeploymentPostprocessing = 0;
		};
		A20A45802900313100A23194 /* Frameworks */ = {
			isa = PBXFrameworksBuildPhase;
			buildActionMask = 2147483647;
			files = (
			);
			runOnlyForDeploymentPostprocessing = 0;
		};
/* End PBXFrameworksBuildPhase section */

/* Begin PBXGroup section */
		A20A455F2900312F00A23194 = {
			isa = PBXGroup;
			children = (
				A20A456A2900312F00A23194 /* SwiftLearningForMac */,
				A20A457C2900313100A23194 /* SwiftLearningForMacTests */,
				A20A45862900313100A23194 /* SwiftLearningForMacUITests */,
				A20A45692900312F00A23194 /* Products */,
			);
			sourceTree = "<group>";
		};
		A20A45692900312F00A23194 /* Products */ = {
			isa = PBXGroup;
			children = (
				A20A45682900312F00A23194 /* SwiftLearningForMac.app */,
				A20A45792900313100A23194 /* SwiftLearningForMacTests.xctest */,
				A20A45832900313100A23194 /* SwiftLearningForMacUITests.xctest */,
			);
			name = Products;
			sourceTree = "<group>";
		};
		A20A456A2900312F00A23194 /* SwiftLearningForMac */ = {
			isa = PBXGroup;
			children = (
				A20A456B2900312F00A23194 /* SwiftLearningForMacApp.swift */,
				A20A456D2900312F00A23194 /* ContentView.swift */,
				A20A456F2900313000A23194 /* Assets.xcassets */,
				A20A45742900313000A23194 /* SwiftLearningForMac.entitlements */,
				A20A45712900313000A23194 /* Preview Content */,
			);
			path = SwiftLearningForMac;
			sourceTree = "<group>";
		};
		A20A45712900313000A23194 /* Preview Content */ = {
			isa = PBXGroup;
			children = (
				A20A45722900313000A23194 /* Preview Assets.xcassets */,
			);
			path = "Preview Content";
			sourceTree = "<group>";
		};
		A20A457C2900313100A23194 /* SwiftLearningForMacTests */ = {
			isa = PBXGroup;
			children = (
				A20A457D2900313100A23194 /* SwiftLearningForMacTests.swift */,
			);
			path = SwiftLearningForMacTests;
			sourceTree = "<group>";
		};
		A20A45862900313100A23194 /* SwiftLearningForMacUITests */ = {
			isa = PBXGroup;
			children = (
				A20A45872900313100A23194 /* SwiftLearningForMacUITests.swift */,
				A20A45892900313100A23194 /* SwiftLearningForMacUITestsLaunchTests.swift */,
			);
			path = SwiftLearningForMacUITests;
			sourceTree = "<group>";
		};
/* End PBXGroup section */

/* Begin PBXNativeTarget section */
		A20A45672900312F00A23194 /* SwiftLearningForMac */ = {
			isa = PBXNativeTarget;
			buildConfigurationList = A20A458D2900313100A23194 /* Build configuration list for PBXNativeTarget "SwiftLearningForMac" */;
			buildPhases = (
				A20A45642900312F00A23194 /* Sources */,
				A20A45652900312F00A23194 /* Frameworks */,
				A20A45662900312F00A23194 /* Resources */,
			);
			buildRules = (
			);
			dependencies = (
			);
			name = SwiftLearningForMac;
			productName = SwiftLearningForMac;
			productReference = A20A45682900312F00A23194 /* SwiftLearningForMac.app */;
			productType = "com.apple.product-type.application";
		};
		A20A45782900313100A23194 /* SwiftLearningForMacTests */ = {
			isa = PBXNativeTarget;
			buildConfigurationList = A20A45902900313100A23194 /* Build configuration list for PBXNativeTarget "SwiftLearningForMacTests" */;
			buildPhases = (
				A20A45752900313100A23194 /* Sources */,
				A20A45762900313100A23194 /* Frameworks */,
				A20A45772900313100A23194 /* Resources */,
			);
			buildRules = (
			);
			dependencies = (
				A20A457B2900313100A23194 /* PBXTargetDependency */,
			);
			name = SwiftLearningForMacTests;
			productName = SwiftLearningForMacTests;
			productReference = A20A45792900313100A23194 /* SwiftLearningForMacTests.xctest */;
			productType = "com.apple.product-type.bundle.unit-test";
		};
		A20A45822900313100A23194 /* SwiftLearningForMacUITests */ = {
			isa = PBXNativeTarget;
			buildConfigurationList = A20A45932900313100A23194 /* Build configuration list for PBXNativeTarget "SwiftLearningForMacUITests" */;
			buildPhases = (
				A20A457F2900313100A23194 /* Sources */,
				A20A45802900313100A23194 /* Frameworks */,
				A20A45812900313100A23194 /* Resources */,
			);
			buildRules = (
			);
			dependencies = (
				A20A45852900313100A23194 /* PBXTargetDependency */,
			);
			name = SwiftLearningForMacUITests;
			productName = SwiftLearningForMacUITests;
			productReference = A20A45832900313100A23194 /* SwiftLearningForMacUITests.xctest */;
			productType = "com.apple.product-type.bundle.ui-testing";
		};
/* End PBXNativeTarget section */

/* Begin PBXProject section */
		A20A45602900312F00A23194 /* Project object */ = {
			isa = PBXProject;
			attributes = {
				BuildIndependentTargetsInParallel = 1;
				LastSwiftUpdateCheck = 1400;
				LastUpgradeCheck = 1400;
				TargetAttributes = {
					A20A45672900312F00A23194 = {
						CreatedOnToolsVersion = 14.0.1;
					};
					A20A45782900313100A23194 = {
						CreatedOnToolsVersion = 14.0.1;
						TestTargetID = A20A45672900312F00A23194;
					};
					A20A45822900313100A23194 = {
						CreatedOnToolsVersion = 14.0.1;
						TestTargetID = A20A45672900312F00A23194;
					};
				};
			};
			buildConfigurationList = A20A45632900312F00A23194 /* Build configuration list for PBXProject "SwiftLearningForMac" */;
			compatibilityVersion = "Xcode 14.0";
			developmentRegion = en;
			hasScannedForEncodings = 0;
			knownRegions = (
				en,
				Base,
			);
			mainGroup = A20A455F2900312F00A23194;
			productRefGroup = A20A45692900312F00A23194 /* Products */;
			projectDirPath = "";
			projectRoot = "";
			targets = (
				A20A45672900312F00A23194 /* SwiftLearningForMac */,
				A20A45782900313100A23194 /* SwiftLearningForMacTests */,
				A20A45822900313100A23194 /* SwiftLearningForMacUITests */,
			);
		};
/* End PBXProject section */

/* Begin PBXResourcesBuildPhase section */
		A20A45662900312F00A23194 /* Resources */ = {
			isa = PBXResourcesBuildPhase;
			buildActionMask = 2147483647;
			files = (
				A20A45732900313000A23194 /* Preview Assets.xcassets in Resources */,
				A20A45702900313000A23194 /* Assets.xcassets in Resources */,
			);
			runOnlyForDeploymentPostprocessing = 0;
		};
		A20A45772900313100A23194 /* Resources */ = {
			isa = PBXResourcesBuildPhase;
			buildActionMask = 2147483647;
			files = (
			);
			runOnlyForDeploymentPostprocessing = 0;
		};
		A20A45812900313100A23194 /* Resources */ = {
			isa = PBXResourcesBuildPhase;
			buildActionMask = 2147483647;
			files = (
			);
			runOnlyForDeploymentPostprocessing = 0;
		};
/* End PBXResourcesBuildPhase section */

/* Begin PBXSourcesBuildPhase section */
		A20A45642900312F00A23194 /* Sources */ = {
			isa = PBXSourcesBuildPhase;
			buildActionMask = 2147483647;
			files = (
				A20A456E2900312F00A23194 /* ContentView.swift in Sources */,
				A20A456C2900312F00A23194 /* SwiftLearningForMacApp.swift in Sources */,
			);
			runOnlyForDeploymentPostprocessing = 0;
		};
		A20A45752900313100A23194 /* Sources */ = {
			isa = PBXSourcesBuildPhase;
			buildActionMask = 2147483647;
			files = (
				A20A457E2900313100A23194 /* SwiftLearningForMacTests.swift in Sources */,
			);
			runOnlyForDeploymentPostprocessing = 0;
		};
		A20A457F2900313100A23194 /* Sources */ = {
			isa = PBXSourcesBuildPhase;
			buildActionMask = 2147483647;
			files = (
				A20A458A2900313100A23194 /* SwiftLearningForMacUITestsLaunchTests.swift in Sources */,
				A20A45882900313100A23194 /* SwiftLearningForMacUITests.swift in Sources */,
			);
			runOnlyForDeploymentPostprocessing = 0;
		};
/* End PBXSourcesBuildPhase section */

/* Begin PBXTargetDependency section */
		A20A457B2900313100A23194 /* PBXTargetDependency */ = {
			isa = PBXTargetDependency;
			target = A20A45672900312F00A23194 /* SwiftLearningForMac */;
			targetProxy = A20A457A2900313100A23194 /* PBXContainerItemProxy */;
		};
		A20A45852900313100A23194 /* PBXTargetDependency */ = {
			isa = PBXTargetDependency;
			target = A20A45672900312F00A23194 /* SwiftLearningForMac */;
			targetProxy = A20A45842900313100A23194 /* PBXContainerItemProxy */;
		};
/* End PBXTargetDependency section */

/* Begin XCBuildConfiguration section */
		A20A458B2900313100A23194 /* Debug */ = {
			isa = XCBuildConfiguration;
			buildSettings = {
				ALWAYS_SEARCH_USER_PATHS = NO;
				CLANG_ANALYZER_NONNULL = YES;
				CLANG_ANALYZER_NUMBER_OBJECT_CONVERSION = YES_AGGRESSIVE;
				CLANG_CXX_LANGUAGE_STANDARD = "gnu++20";
				CLANG_ENABLE_MODULES = YES;
				CLANG_ENABLE_OBJC_ARC = YES;
				CLANG_ENABLE_OBJC_WEAK = YES;
				CLANG_WARN_BLOCK_CAPTURE_AUTORELEASING = YES;
				CLANG_WARN_BOOL_CONVERSION = YES;
				CLANG_WARN_COMMA = YES;
				CLANG_WARN_CONSTANT_CONVERSION = YES;
				CLANG_WARN_DEPRECATED_OBJC_IMPLEMENTATIONS = YES;
				CLANG_WARN_DIRECT_OBJC_ISA_USAGE = YES_ERROR;
				CLANG_WARN_DOCUMENTATION_COMMENTS = YES;
				CLANG_WARN_EMPTY_BODY = YES;
				CLANG_WARN_ENUM_CONVERSION = YES;
				CLANG_WARN_INFINITE_RECURSION = YES;
				CLANG_WARN_INT_CONVERSION = YES;
				CLANG_WARN_NON_LITERAL_NULL_CONVERSION = YES;
				CLANG_WARN_OBJC_IMPLICIT_RETAIN_SELF = YES;
				CLANG_WARN_OBJC_LITERAL_CONVERSION = YES;
				CLANG_WARN_OBJC_ROOT_CLASS = YES_ERROR;
				CLANG_WARN_QUOTED_INCLUDE_IN_FRAMEWORK_HEADER = YES;
				CLANG_WARN_RANGE_LOOP_ANALYSIS = YES;
				CLANG_WARN_STRICT_PROTOTYPES = YES;
				CLANG_WARN_SUSPICIOUS_MOVE = YES;
				CLANG_WARN_UNGUARDED_AVAILABILITY = YES_AGGRESSIVE;
				CLANG_WARN_UNREACHABLE_CODE = YES;
				CLANG_WARN__DUPLICATE_METHOD_MATCH = YES;
				COPY_PHASE_STRIP = NO;
				DEBUG_INFORMATION_FORMAT = dwarf;
				ENABLE_STRICT_OBJC_MSGSEND = YES;
				ENABLE_TESTABILITY = YES;
				GCC_C_LANGUAGE_STANDARD = gnu11;
				GCC_DYNAMIC_NO_PIC = NO;
				GCC_NO_COMMON_BLOCKS = YES;
				GCC_OPTIMIZATION_LEVEL = 0;
				GCC_PREPROCESSOR_DEFINITIONS = (
					"DEBUG=1",
					"$(inherited)",
				);
				GCC_WARN_64_TO_32_BIT_CONVERSION = YES;
				GCC_WARN_ABOUT_RETURN_TYPE = YES_ERROR;
				GCC_WARN_UNDECLARED_SELECTOR = YES;
				GCC_WARN_UNINITIALIZED_AUTOS = YES_AGGRESSIVE;
				GCC_WARN_UNUSED_FUNCTION = YES;
				GCC_WARN_UNUSED_VARIABLE = YES;
				MACOSX_DEPLOYMENT_TARGET = 12.3;
				MTL_ENABLE_DEBUG_INFO = INCLUDE_SOURCE;
				MTL_FAST_MATH = YES;
				ONLY_ACTIVE_ARCH = YES;
				SDKROOT = macosx;
				SWIFT_ACTIVE_COMPILATION_CONDITIONS = DEBUG;
				SWIFT_OPTIMIZATION_LEVEL = "-Onone";
			};
			name = Debug;
		};
		A20A458C2900313100A23194 /* Release */ = {
			isa = XCBuildConfiguration;
			buildSettings = {
				ALWAYS_SEARCH_USER_PATHS = NO;
				CLANG_ANALYZER_NONNULL = YES;
				CLANG_ANALYZER_NUMBER_OBJECT_CONVERSION = YES_AGGRESSIVE;
				CLANG_CXX_LANGUAGE_STANDARD = "gnu++20";
				CLANG_ENABLE_MODULES = YES;
				CLANG_ENABLE_OBJC_ARC = YES;
				CLANG_ENABLE_OBJC_WEAK = YES;
				CLANG_WARN_BLOCK_CAPTURE_AUTORELEASING = YES;
				CLANG_WARN_BOOL_CONVERSION = YES;
				CLANG_WARN_COMMA = YES;
				CLANG_WARN_CONSTANT_CONVERSION = YES;
				CLANG_WARN_DEPRECATED_OBJC_IMPLEMENTATIONS = YES;
				CLANG_WARN_DIRECT_OBJC_ISA_USAGE = YES_ERROR;
				CLANG_WARN_DOCUMENTATION_COMMENTS = YES;
				CLANG_WARN_EMPTY_BODY = YES;
				CLANG_WARN_ENUM_CONVERSION = YES;
				CLANG_WARN_INFINITE_RECURSION = YES;
				CLANG_WARN_INT_CONVERSION = YES;
				CLANG_WARN_NON_LITERAL_NULL_CONVERSION = YES;
				CLANG_WARN_OBJC_IMPLICIT_RETAIN_SELF = YES;
				CLANG_WARN_OBJC_LITERAL_CONVERSION = YES;
				CLANG_WARN_OBJC_ROOT_CLASS = YES_ERROR;
				CLANG_WARN_QUOTED_INCLUDE_IN_FRAMEWORK_HEADER = YES;
				CLANG_WARN_RANGE_LOOP_ANALYSIS = YES;
				CLANG_WARN_STRICT_PROTOTYPES = YES;
				CLANG_WARN_SUSPICIOUS_MOVE = YES;
				CLANG_WARN_UNGUARDED_AVAILABILITY = YES_AGGRESSIVE;
				CLANG_WARN_UNREACHABLE_CODE = YES;
				CLANG_WARN__DUPLICATE_METHOD_MATCH = YES;
				COPY_PHASE_STRIP = NO;
				DEBUG_INFORMATION_FORMAT = "dwarf-with-dsym";
				ENABLE_NS_ASSERTIONS = NO;
				ENABLE_STRICT_OBJC_MSGSEND = YES;
				GCC_C_LANGUAGE_STANDARD = gnu11;
				GCC_NO_COMMON_BLOCKS = YES;
				GCC_WARN_64_TO_32_BIT_CONVERSION = YES;
				GCC_WARN_ABOUT_RETURN_TYPE = YES_ERROR;
				GCC_WARN_UNDECLARED_SELECTOR = YES;
				GCC_WARN_UNINITIALIZED_AUTOS = YES_AGGRESSIVE;
				GCC_WARN_UNUSED_FUNCTION = YES;
				GCC_WARN_UNUSED_VARIABLE = YES;
				MACOSX_DEPLOYMENT_TARGET = 12.3;
				MTL_ENABLE_DEBUG_INFO = NO;
				MTL_FAST_MATH = YES;
				SDKROOT = macosx;
				SWIFT_COMPILATION_MODE = wholemodule;
				SWIFT_OPTIMIZATION_LEVEL = "-O";
			};
			name = Release;
		};
		A20A458E2900313100A23194 /* Debug */ = {
			isa = XCBuildConfiguration;
			buildSettings = {
				ASSETCATALOG_COMPILER_APPICON_NAME = AppIcon;
				ASSETCATALOG_COMPILER_GLOBAL_ACCENT_COLOR_NAME = AccentColor;
				CODE_SIGN_ENTITLEMENTS = SwiftLearningForMac/SwiftLearningForMac.entitlements;
				CODE_SIGN_STYLE = Automatic;
				COMBINE_HIDPI_IMAGES = YES;
				CURRENT_PROJECT_VERSION = 1;
				DEVELOPMENT_ASSET_PATHS = "\"SwiftLearningForMac/Preview Content\"";
				ENABLE_PREVIEWS = YES;
				GENERATE_INFOPLIST_FILE = YES;
				INFOPLIST_KEY_NSHumanReadableCopyright = "";
				LD_RUNPATH_SEARCH_PATHS = (
					"$(inherited)",
					"@executable_path/../Frameworks",
				);
				MARKETING_VERSION = 1.0;
				PRODUCT_BUNDLE_IDENTIFIER = com.lk.SwiftLearningForMac;
				PRODUCT_NAME = "$(TARGET_NAME)";
				SWIFT_EMIT_LOC_STRINGS = YES;
				SWIFT_VERSION = 5.0;
			};
			name = Debug;
		};
		A20A458F2900313100A23194 /* Release */ = {
			isa = XCBuildConfiguration;
			buildSettings = {
				ASSETCATALOG_COMPILER_APPICON_NAME = AppIcon;
				ASSETCATALOG_COMPILER_GLOBAL_ACCENT_COLOR_NAME = AccentColor;
				CODE_SIGN_ENTITLEMENTS = SwiftLearningForMac/SwiftLearningForMac.entitlements;
				CODE_SIGN_STYLE = Automatic;
				COMBINE_HIDPI_IMAGES = YES;
				CURRENT_PROJECT_VERSION = 1;
				DEVELOPMENT_ASSET_PATHS = "\"SwiftLearningForMac/Preview Content\"";
				ENABLE_PREVIEWS = YES;
				GENERATE_INFOPLIST_FILE = YES;
				INFOPLIST_KEY_NSHumanReadableCopyright = "";
				LD_RUNPATH_SEARCH_PATHS = (
					"$(inherited)",
					"@executable_path/../Frameworks",
				);
				MARKETING_VERSION = 1.0;
				PRODUCT_BUNDLE_IDENTIFIER = com.lk.SwiftLearningForMac;
				PRODUCT_NAME = "$(TARGET_NAME)";
				SWIFT_EMIT_LOC_STRINGS = YES;
				SWIFT_VERSION = 5.0;
			};
			name = Release;
		};
		A20A45912900313100A23194 /* Debug */ = {
			isa = XCBuildConfiguration;
			buildSettings = {
				ALWAYS_EMBED_SWIFT_STANDARD_LIBRARIES = YES;
				BUNDLE_LOADER = "$(TEST_HOST)";
				CODE_SIGN_STYLE = Automatic;
				CURRENT_PROJECT_VERSION = 1;
				GENERATE_INFOPLIST_FILE = YES;
				MACOSX_DEPLOYMENT_TARGET = 12.3;
				MARKETING_VERSION = 1.0;
				PRODUCT_BUNDLE_IDENTIFIER = com.lk.SwiftLearningForMacTests;
				PRODUCT_NAME = "$(TARGET_NAME)";
				SWIFT_EMIT_LOC_STRINGS = NO;
				SWIFT_VERSION = 5.0;
				TEST_HOST = "$(BUILT_PRODUCTS_DIR)/SwiftLearningForMac.app/$(BUNDLE_EXECUTABLE_FOLDER_PATH)/SwiftLearningForMac";
			};
			name = Debug;
		};
		A20A45922900313100A23194 /* Release */ = {
			isa = XCBuildConfiguration;
			buildSettings = {
				ALWAYS_EMBED_SWIFT_STANDARD_LIBRARIES = YES;
				BUNDLE_LOADER = "$(TEST_HOST)";
				CODE_SIGN_STYLE = Automatic;
				CURRENT_PROJECT_VERSION = 1;
				GENERATE_INFOPLIST_FILE = YES;
				MACOSX_DEPLOYMENT_TARGET = 12.3;
				MARKETING_VERSION = 1.0;
				PRODUCT_BUNDLE_IDENTIFIER = com.lk.SwiftLearningForMacTests;
				PRODUCT_NAME = "$(TARGET_NAME)";
				SWIFT_EMIT_LOC_STRINGS = NO;
				SWIFT_VERSION = 5.0;
				TEST_HOST = "$(BUILT_PRODUCTS_DIR)/SwiftLearningForMac.app/$(BUNDLE_EXECUTABLE_FOLDER_PATH)/SwiftLearningForMac";
			};
			name = Release;
		};
		A20A45942900313100A23194 /* Debug */ = {
			isa = XCBuildConfiguration;
			buildSettings = {
				ALWAYS_EMBED_SWIFT_STANDARD_LIBRARIES = YES;
				CODE_SIGN_STYLE = Automatic;
				CURRENT_PROJECT_VERSION = 1;
				GENERATE_INFOPLIST_FILE = YES;
				MARKETING_VERSION = 1.0;
				PRODUCT_BUNDLE_IDENTIFIER = com.lk.SwiftLearningForMacUITests;
				PRODUCT_NAME = "$(TARGET_NAME)";
				SWIFT_EMIT_LOC_STRINGS = NO;
				SWIFT_VERSION = 5.0;
				TEST_TARGET_NAME = SwiftLearningForMac;
			};
			name = Debug;
		};
		A20A45952900313100A23194 /* Release */ = {
			isa = XCBuildConfiguration;
			buildSettings = {
				ALWAYS_EMBED_SWIFT_STANDARD_LIBRARIES = YES;
				CODE_SIGN_STYLE = Automatic;
				CURRENT_PROJECT_VERSION = 1;
				GENERATE_INFOPLIST_FILE = YES;
				MARKETING_VERSION = 1.0;
				PRODUCT_BUNDLE_IDENTIFIER = com.lk.SwiftLearningForMacUITests;
				PRODUCT_NAME = "$(TARGET_NAME)";
				SWIFT_EMIT_LOC_STRINGS = NO;
				SWIFT_VERSION = 5.0;
				TEST_TARGET_NAME = SwiftLearningForMac;
			};
			name = Release;
		};
/* End XCBuildConfiguration section */

/* Begin XCConfigurationList section */
		A20A45632900312F00A23194 /* Build configuration list for PBXProject "SwiftLearningForMac" */ = {
			isa = XCConfigurationList;
			buildConfigurations = (
				A20A458B2900313100A23194 /* Debug */,
				A20A458C2900313100A23194 /* Release */,
			);
			defaultConfigurationIsVisible = 0;
			defaultConfigurationName = Release;
		};
		A20A458D2900313100A23194 /* Build configuration list for PBXNativeTarget "SwiftLearningForMac" */ = {
			isa = XCConfigurationList;
			buildConfigurations = (
				A20A458E2900313100A23194 /* Debug */,
				A20A458F2900313100A23194 /* Release */,
			);
			defaultConfigurationIsVisible = 0;
			defaultConfigurationName = Release;
		};
		A20A45902900313100A23194 /* Build configuration list for PBXNativeTarget "SwiftLearningForMacTests" */ = {
			isa = XCConfigurationList;
			buildConfigurations = (
				A20A45912900313100A23194 /* Debug */,
				A20A45922900313100A23194 /* Release */,
			);
			defaultConfigurationIsVisible = 0;
			defaultConfigurationName = Release;
		};
		A20A45932900313100A23194 /* Build configuration list for PBXNativeTarget "SwiftLearningForMacUITests" */ = {
			isa = XCConfigurationList;
			buildConfigurations = (
				A20A45942900313100A23194 /* Debug */,
				A20A45952900313100A23194 /* Release */,
			);
			defaultConfigurationIsVisible = 0;
			defaultConfigurationName = Release;
		};
/* End XCConfigurationList section */
	};
	rootObject = A20A45602900312F00A23194 /* Project object */;
}
